
Microsoft Visual Studio Solution File, Format Version 12.00
Project("{FAE04EC0-301F-11D3-BF4B-00C04F79EFBC}") = "NewCorrector", "NewCorrector\NewCorrector.csproj", "{B246C232-05A1-4D44-AF01-DC89E4C6C9FE}"
EndProject
Global
	GlobalSection(SolutionConfigurationPlatforms) = preSolution
		Debug|Any CPU = Debug|Any CPU
		Release|Any CPU = Release|Any CPU
	EndGlobalSection
	GlobalSection(ProjectConfigurationPlatforms) = postSolution
		{B246C232-05A1-4D44-AF01-DC89E4C6C9FE}.Debug|Any CPU.ActiveCfg = Debug|Any CPU
		{B246C232-05A1-4D44-AF01-DC89E4C6C9FE}.Debug|Any CPU.Build.0 = Debug|Any CPU
		{B246C232-05A1-4D44-AF01-DC89E4C6C9FE}.Release|Any CPU.ActiveCfg = Release|Any CPU
		{B246C232-05A1-4D44-AF01-DC89E4C6C9FE}.Release|Any CPU.Build.0 = Release|Any CPU
	EndGlobalSection
EndGlobal
